
Microsoft Visual Studio Solution File, Format Version 12.00
# Visual Studio Version 17
VisualStudioVersion = 17.1.32319.34
MinimumVisualStudioVersion = 10.0.40219.1
Project("{FAE04EC0-301F-11D3-BF4B-00C04F79EFBC}") = "Glagols", "Glagols\Glagols.csproj", "{05C07760-C0EB-4A59-BD99-1A9CF2216FC4}"
EndProject
Global
	GlobalSection(SolutionConfigurationPlatforms) = preSolution
		Debug|Any CPU = Debug|Any CPU
		Release|Any CPU = Release|Any CPU
	EndGlobalSection
	GlobalSection(ProjectConfigurationPlatforms) = postSolution
		{05C07760-C0EB-4A59-BD99-1A9CF2216FC4}.Debug|Any CPU.ActiveCfg = Debug|Any CPU
		{05C07760-C0EB-4A59-BD99-1A9CF2216FC4}.Debug|Any CPU.Build.0 = Debug|Any CPU
		{05C07760-C0EB-4A59-BD99-1A9CF2216FC4}.Release|Any CPU.ActiveCfg = Release|Any CPU
		{05C07760-C0EB-4A59-BD99-1A9CF2216FC4}.Release|Any CPU.Build.0 = Release|Any CPU
	EndGlobalSection
	GlobalSection(SolutionProperties) = preSolution
		HideSolutionNode = FALSE
	EndGlobalSection
	GlobalSection(ExtensibilityGlobals) = postSolution
		SolutionGuid = {2250FCE0-5047-41CC-975A-49C76862EC42}
	EndGlobalSection
EndGlobal
